// !$*UTF8*$!
{
	archiveVersion = 1;
	classes = {
	};
	objectVersion = 46;
	objects = {

/* Begin PBXBuildFile section */
		7695AF841E500A7A006B15D5 /* main.m in Sources */ = {isa = PBXBuildFile; fileRef = 7695AF831E500A7A006B15D5 /* main.m */; };
		7695AF871E500A7A006B15D5 /* AppDelegate.m in Sources */ = {isa = PBXBuildFile; fileRef = 7695AF861E500A7A006B15D5 /* AppDelegate.m */; };
		7695AF8A1E500A7A006B15D5 /* ViewController.m in Sources */ = {isa = PBXBuildFile; fileRef = 7695AF891E500A7A006B15D5 /* ViewController.m */; };
		7695AF8D1E500A7A006B15D5 /* Main.storyboard in Resources */ = {isa = PBXBuildFile; fileRef = 7695AF8B1E500A7A006B15D5 /* Main.storyboard */; };
		7695AF8F1E500A7A006B15D5 /* Assets.xcassets in Resources */ = {isa = PBXBuildFile; fileRef = 7695AF8E1E500A7A006B15D5 /* Assets.xcassets */; };
		7695AF921E500A7A006B15D5 /* LaunchScreen.storyboard in Resources */ = {isa = PBXBuildFile; fileRef = 7695AF901E500A7A006B15D5 /* LaunchScreen.storyboard */; };
		7695AFA01E50189B006B15D5 /* icon_takephoto_normal@2x.png in Resources */ = {isa = PBXBuildFile; fileRef = 7695AF9C1E50189B006B15D5 /* icon_takephoto_normal@2x.png */; };
		7695AFA11E50189B006B15D5 /* icon_takephoto_normal@3x.png in Resources */ = {isa = PBXBuildFile; fileRef = 7695AF9D1E50189B006B15D5 /* icon_takephoto_normal@3x.png */; };
		7695AFA21E50189B006B15D5 /* icon_takephoto_select@2x.png in Resources */ = {isa = PBXBuildFile; fileRef = 7695AF9E1E50189B006B15D5 /* icon_takephoto_select@2x.png */; };
		7695AFA31E50189B006B15D5 /* icon_takephoto_select@3x.png in Resources */ = {isa = PBXBuildFile; fileRef = 7695AF9F1E50189B006B15D5 /* icon_takephoto_select@3x.png */; };
		7695AFA61E501A67006B15D5 /* ARLayer.mm in Sources */ = {isa = PBXBuildFile; fileRef = 7695AFA51E501A67006B15D5 /* ARLayer.mm */; };
		7695AFA91E501AB4006B15D5 /* ARGLContextManager.m in Sources */ = {isa = PBXBuildFile; fileRef = 7695AFA81E501AB4006B15D5 /* ARGLContextManager.m */; };
		7695AFAC1E502128006B15D5 /* IShowPanoTools.cpp in Sources */ = {isa = PBXBuildFile; fileRef = 7695AFAA1E502128006B15D5 /* IShowPanoTools.cpp */; };
		7695AFAE1E503699006B15D5 /* test.jpeg in Resources */ = {isa = PBXBuildFile; fileRef = 7695AFAD1E503699006B15D5 /* test.jpeg */; };
		7695AFB11E504364006B15D5 /* CoreMotion.framework in Frameworks */ = {isa = PBXBuildFile; fileRef = 7695AFB01E504364006B15D5 /* CoreMotion.framework */; };
/* End PBXBuildFile section */

/* Begin PBXFileReference section */
		7695AF7F1E500A7A006B15D5 /* YKCameraAR.app */ = {isa = PBXFileReference; explicitFileType = wrapper.application; includeInIndex = 0; path = YKCameraAR.app; sourceTree = BUILT_PRODUCTS_DIR; };
		7695AF831E500A7A006B15D5 /* main.m */ = {isa = PBXFileReference; lastKnownFileType = sourcecode.c.objc; path = main.m; sourceTree = "<group>"; };
		7695AF851E500A7A006B15D5 /* AppDelegate.h */ = {isa = PBXFileReference; lastKnownFileType = sourcecode.c.h; path = AppDelegate.h; sourceTree = "<group>"; };
		7695AF861E500A7A006B15D5 /* AppDelegate.m */ = {isa = PBXFileReference; lastKnownFileType = sourcecode.c.objc; path = AppDelegate.m; sourceTree = "<group>"; };
		7695AF881E500A7A006B15D5 /* ViewController.h */ = {isa = PBXFileReference; lastKnownFileType = sourcecode.c.h; path = ViewController.h; sourceTree = "<group>"; };
		7695AF891E500A7A006B15D5 /* ViewController.m */ = {isa = PBXFileReference; lastKnownFileType = sourcecode.c.objc; path = ViewController.m; sourceTree = "<group>"; };
		7695AF8C1E500A7A006B15D5 /* Base */ = {isa = PBXFileReference; lastKnownFileType = file.storyboard; name = Base; path = Base.lproj/Main.storyboard; sourceTree = "<group>"; };
		7695AF8E1E500A7A006B15D5 /* Assets.xcassets */ = {isa = PBXFileReference; lastKnownFileType = folder.assetcatalog; path = Assets.xcassets; sourceTree = "<group>"; };
		7695AF911E500A7A006B15D5 /* Base */ = {isa = PBXFileReference; lastKnownFileType = file.storyboard; name = Base; path = Base.lproj/LaunchScreen.storyboard; sourceTree = "<group>"; };
		7695AF931E500A7A006B15D5 /* Info.plist */ = {isa = PBXFileReference; lastKnownFileType = text.plist.xml; path = Info.plist; sourceTree = "<group>"; };
		7695AF991E501810006B15D5 /* UIKitMacros.h */ = {isa = PBXFileReference; lastKnownFileType = sourcecode.c.h; path = UIKitMacros.h; sourceTree = "<group>"; };
		7695AF9C1E50189B006B15D5 /* icon_takephoto_normal@2x.png */ = {isa = PBXFileReference; lastKnownFileType = image.png; path = "icon_takephoto_normal@2x.png"; sourceTree = "<group>"; };
		7695AF9D1E50189B006B15D5 /* icon_takephoto_normal@3x.png */ = {isa = PBXFileReference; lastKnownFileType = image.png; path = "icon_takephoto_normal@3x.png"; sourceTree = "<group>"; };
		7695AF9E1E50189B006B15D5 /* icon_takephoto_select@2x.png */ = {isa = PBXFileReference; lastKnownFileType = image.png; path = "icon_takephoto_select@2x.png"; sourceTree = "<group>"; };
		7695AF9F1E50189B006B15D5 /* icon_takephoto_select@3x.png */ = {isa = PBXFileReference; lastKnownFileType = image.png; path = "icon_takephoto_select@3x.png"; sourceTree = "<group>"; };
		7695AFA41E501A67006B15D5 /* ARLayer.h */ = {isa = PBXFileReference; fileEncoding = 4; lastKnownFileType = sourcecode.c.h; path = ARLayer.h; sourceTree = "<group>"; };
		7695AFA51E501A67006B15D5 /* ARLayer.mm */ = {isa = PBXFileReference; fileEncoding = 4; lastKnownFileType = sourcecode.cpp.objcpp; path = ARLayer.mm; sourceTree = "<group>"; };
		7695AFA71E501AB4006B15D5 /* ARGLContextManager.h */ = {isa = PBXFileReference; fileEncoding = 4; lastKnownFileType = sourcecode.c.h; path = ARGLContextManager.h; sourceTree = "<group>"; };
		7695AFA81E501AB4006B15D5 /* ARGLContextManager.m */ = {isa = PBXFileReference; fileEncoding = 4; lastKnownFileType = sourcecode.c.objc; path = ARGLContextManager.m; sourceTree = "<group>"; };
		7695AFAA1E502128006B15D5 /* IShowPanoTools.cpp */ = {isa = PBXFileReference; fileEncoding = 4; lastKnownFileType = sourcecode.cpp.cpp; path = IShowPanoTools.cpp; sourceTree = "<group>"; };
		7695AFAB1E502128006B15D5 /* IShowPanoTools.h */ = {isa = PBXFileReference; fileEncoding = 4; lastKnownFileType = sourcecode.c.h; path = IShowPanoTools.h; sourceTree = "<group>"; };
		7695AFAD1E503699006B15D5 /* test.jpeg */ = {isa = PBXFileReference; lastKnownFileType = image.jpeg; path = test.jpeg; sourceTree = "<group>"; };
		7695AFB01E504364006B15D5 /* CoreMotion.framework */ = {isa = PBXFileReference; lastKnownFileType = wrapper.framework; name = CoreMotion.framework; path = System/Library/Frameworks/CoreMotion.framework; sourceTree = SDKROOT; };
/* End PBXFileReference section */

/* Begin PBXFrameworksBuildPhase section */
		7695AF7C1E500A7A006B15D5 /* Frameworks */ = {
			isa = PBXFrameworksBuildPhase;
			buildActionMask = 2147483647;
			files = (
				7695AFB11E504364006B15D5 /* CoreMotion.framework in Frameworks */,
			);
			runOnlyForDeploymentPostprocessing = 0;
		};
/* End PBXFrameworksBuildPhase section */

/* Begin PBXGroup section */
		7695AF761E500A7A006B15D5 = {
			isa = PBXGroup;
			children = (
				7695AF811E500A7A006B15D5 /* YKCameraAR */,
				7695AF801E500A7A006B15D5 /* Products */,
				7695AFAF1E504364006B15D5 /* Frameworks */,
			);
			sourceTree = "<group>";
		};
		7695AF801E500A7A006B15D5 /* Products */ = {
			isa = PBXGroup;
			children = (
				7695AF7F1E500A7A006B15D5 /* YKCameraAR.app */,
			);
			name = Products;
			sourceTree = "<group>";
		};
		7695AF811E500A7A006B15D5 /* YKCameraAR */ = {
			isa = PBXGroup;
			children = (
				7695AF9A1E50189B006B15D5 /* AR */,
				7695AF9B1E50189B006B15D5 /* Camera */,
				7695AF991E501810006B15D5 /* UIKitMacros.h */,
				7695AF851E500A7A006B15D5 /* AppDelegate.h */,
				7695AF861E500A7A006B15D5 /* AppDelegate.m */,
				7695AF881E500A7A006B15D5 /* ViewController.h */,
				7695AF891E500A7A006B15D5 /* ViewController.m */,
				7695AF8B1E500A7A006B15D5 /* Main.storyboard */,
				7695AF8E1E500A7A006B15D5 /* Assets.xcassets */,
				7695AF901E500A7A006B15D5 /* LaunchScreen.storyboard */,
				7695AF931E500A7A006B15D5 /* Info.plist */,
				7695AF821E500A7A006B15D5 /* Supporting Files */,
			);
			path = YKCameraAR;
			sourceTree = "<group>";
		};
		7695AF821E500A7A006B15D5 /* Supporting Files */ = {
			isa = PBXGroup;
			children = (
				7695AF831E500A7A006B15D5 /* main.m */,
			);
			name = "Supporting Files";
			sourceTree = "<group>";
		};
		7695AF9A1E50189B006B15D5 /* AR */ = {
			isa = PBXGroup;
			children = (
				7695AFAD1E503699006B15D5 /* test.jpeg */,
				7695AFAA1E502128006B15D5 /* IShowPanoTools.cpp */,
				7695AFAB1E502128006B15D5 /* IShowPanoTools.h */,
				7695AFA41E501A67006B15D5 /* ARLayer.h */,
				7695AFA51E501A67006B15D5 /* ARLayer.mm */,
				7695AFA71E501AB4006B15D5 /* ARGLContextManager.h */,
				7695AFA81E501AB4006B15D5 /* ARGLContextManager.m */,
			);
			path = AR;
			sourceTree = "<group>";
		};
		7695AF9B1E50189B006B15D5 /* Camera */ = {
			isa = PBXGroup;
			children = (
				7695AF9C1E50189B006B15D5 /* icon_takephoto_normal@2x.png */,
				7695AF9D1E50189B006B15D5 /* icon_takephoto_normal@3x.png */,
				7695AF9E1E50189B006B15D5 /* icon_takephoto_select@2x.png */,
				7695AF9F1E50189B006B15D5 /* icon_takephoto_select@3x.png */,
			);
			path = Camera;
			sourceTree = "<group>";
		};
		7695AFAF1E504364006B15D5 /* Frameworks */ = {
			isa = PBXGroup;
			children = (
				7695AFB01E504364006B15D5 /* CoreMotion.framework */,
			);
			name = Frameworks;
			sourceTree = "<group>";
		};
/* End PBXGroup section */

/* Begin PBXNativeTarget section */
		7695AF7E1E500A7A006B15D5 /* YKCameraAR */ = {
			isa = PBXNativeTarget;
			buildConfigurationList = 7695AF961E500A7A006B15D5 /* Build configuration list for PBXNativeTarget "YKCameraAR" */;
			buildPhases = (
				7695AF7B1E500A7A006B15D5 /* Sources */,
				7695AF7C1E500A7A006B15D5 /* Frameworks */,
				7695AF7D1E500A7A006B15D5 /* Resources */,
			);
			buildRules = (
			);
			dependencies = (
			);
			name = YKCameraAR;
			productName = YKCameraAR;
			productReference = 7695AF7F1E500A7A006B15D5 /* YKCameraAR.app */;
			productType = "com.apple.product-type.application";
		};
/* End PBXNativeTarget section */

/* Begin PBXProject section */
		7695AF771E500A7A006B15D5 /* Project object */ = {
			isa = PBXProject;
			attributes = {
				LastUpgradeCheck = 0820;
				ORGANIZATIONNAME = zhangyuanke;
				TargetAttributes = {
					7695AF7E1E500A7A006B15D5 = {
						CreatedOnToolsVersion = 8.2.1;
						DevelopmentTeam = 7Q62N6S7X8;
						ProvisioningStyle = Automatic;
					};
				};
			};
			buildConfigurationList = 7695AF7A1E500A7A006B15D5 /* Build configuration list for PBXProject "YKCameraAR" */;
			compatibilityVersion = "Xcode 3.2";
			developmentRegion = English;
			hasScannedForEncodings = 0;
			knownRegions = (
				en,
				Base,
			);
			mainGroup = 7695AF761E500A7A006B15D5;
			productRefGroup = 7695AF801E500A7A006B15D5 /* Products */;
			projectDirPath = "";
			projectRoot = "";
			targets = (
				7695AF7E1E500A7A006B15D5 /* YKCameraAR */,
			);
		};
/* End PBXProject section */

/* Begin PBXResourcesBuildPhase section */
		7695AF7D1E500A7A006B15D5 /* Resources */ = {
			isa = PBXResourcesBuildPhase;
			buildActionMask = 2147483647;
			files = (
				7695AFA21E50189B006B15D5 /* icon_takephoto_select@2x.png in Resources */,
				7695AF921E500A7A006B15D5 /* LaunchScreen.storyboard in Resources */,
				7695AFA31E50189B006B15D5 /* icon_takephoto_select@3x.png in Resources */,
				7695AF8F1E500A7A006B15D5 /* Assets.xcassets in Resources */,
				7695AFA11E50189B006B15D5 /* icon_takephoto_normal@3x.png in Resources */,
				7695AFAE1E503699006B15D5 /* test.jpeg in Resources */,
				7695AFA01E50189B006B15D5 /* icon_takephoto_normal@2x.png in Resources */,
				7695AF8D1E500A7A006B15D5 /* Main.storyboard in Resources */,
			);
			runOnlyForDeploymentPostprocessing = 0;
		};
/* End PBXResourcesBuildPhase section */

/* Begin PBXSourcesBuildPhase section */
		7695AF7B1E500A7A006B15D5 /* Sources */ = {
			isa = PBXSourcesBuildPhase;
			buildActionMask = 2147483647;
			files = (
				7695AFA61E501A67006B15D5 /* ARLayer.mm in Sources */,
				7695AF8A1E500A7A006B15D5 /* ViewController.m in Sources */,
				7695AFAC1E502128006B15D5 /* IShowPanoTools.cpp in Sources */,
				7695AFA91E501AB4006B15D5 /* ARGLContextManager.m in Sources */,
				7695AF871E500A7A006B15D5 /* AppDelegate.m in Sources */,
				7695AF841E500A7A006B15D5 /* main.m in Sources */,
			);
			runOnlyForDeploymentPostprocessing = 0;
		};
/* End PBXSourcesBuildPhase section */

/* Begin PBXVariantGroup section */
		7695AF8B1E500A7A006B15D5 /* Main.storyboard */ = {
			isa = PBXVariantGroup;
			children = (
				7695AF8C1E500A7A006B15D5 /* Base */,
			);
			name = Main.storyboard;
			sourceTree = "<group>";
		};
		7695AF901E500A7A006B15D5 /* LaunchScreen.storyboard */ = {
			isa = PBXVariantGroup;
			children = (
				7695AF911E500A7A006B15D5 /* Base */,
			);
			name = LaunchScreen.storyboard;
			sourceTree = "<group>";
		};
/* End PBXVariantGroup section */

/* Begin XCBuildConfiguration section */
		7695AF941E500A7A006B15D5 /* Debug */ = {
			isa = XCBuildConfiguration;
			buildSettings = {
				ALWAYS_SEARCH_USER_PATHS = NO;
				CLANG_ANALYZER_NONNULL = YES;
				CLANG_CXX_LANGUAGE_STANDARD = "gnu++0x";
				CLANG_CXX_LIBRARY = "libc++";
				CLANG_ENABLE_MODULES = YES;
				CLANG_ENABLE_OBJC_ARC = YES;
				CLANG_WARN_BOOL_CONVERSION = YES;
				CLANG_WARN_CONSTANT_CONVERSION = YES;
				CLANG_WARN_DIRECT_OBJC_ISA_USAGE = YES_ERROR;
				CLANG_WARN_DOCUMENTATION_COMMENTS = YES;
				CLANG_WARN_EMPTY_BODY = YES;
				CLANG_WARN_ENUM_CONVERSION = YES;
				CLANG_WARN_INFINITE_RECURSION = YES;
				CLANG_WARN_INT_CONVERSION = YES;
				CLANG_WARN_OBJC_ROOT_CLASS = YES_ERROR;
				CLANG_WARN_SUSPICIOUS_MOVE = YES;
				CLANG_WARN_UNREACHABLE_CODE = YES;
				CLANG_WARN__DUPLICATE_METHOD_MATCH = YES;
				"CODE_SIGN_IDENTITY[sdk=iphoneos*]" = "iPhone Developer";
				COPY_PHASE_STRIP = NO;
				DEBUG_INFORMATION_FORMAT = dwarf;
				ENABLE_STRICT_OBJC_MSGSEND = YES;
				ENABLE_TESTABILITY = YES;
				GCC_C_LANGUAGE_STANDARD = gnu99;
				GCC_DYNAMIC_NO_PIC = NO;
				GCC_NO_COMMON_BLOCKS = YES;
				GCC_OPTIMIZATION_LEVEL = 0;
				GCC_PREPROCESSOR_DEFINITIONS = (
					"DEBUG=1",
					"$(inherited)",
				);
				GCC_WARN_64_TO_32_BIT_CONVERSION = YES;
				GCC_WARN_ABOUT_RETURN_TYPE = YES_ERROR;
				GCC_WARN_UNDECLARED_SELECTOR = YES;
				GCC_WARN_UNINITIALIZED_AUTOS = YES_AGGRESSIVE;
				GCC_WARN_UNUSED_FUNCTION = YES;
				GCC_WARN_UNUSED_VARIABLE = YES;
				IPHONEOS_DEPLOYMENT_TARGET = 10.2;
				MTL_ENABLE_DEBUG_INFO = YES;
				ONLY_ACTIVE_ARCH = YES;
				SDKROOT = iphoneos;
			};
			name = Debug;
		};
		7695AF951E500A7A006B15D5 /* Release */ = {
			isa = XCBuildConfiguration;
			buildSettings = {
				ALWAYS_SEARCH_USER_PATHS = NO;
				CLANG_ANALYZER_NONNULL = YES;
				CLANG_CXX_LANGUAGE_STANDARD = "gnu++0x";
				CLANG_CXX_LIBRARY = "libc++";
				CLANG_ENABLE_MODULES = YES;
				CLANG_ENABLE_OBJC_ARC = YES;
				CLANG_WARN_BOOL_CONVERSION = YES;
				CLANG_WARN_CONSTANT_CONVERSION = YES;
				CLANG_WARN_DIRECT_OBJC_ISA_USAGE = YES_ERROR;
				CLANG_WARN_DOCUMENTATION_COMMENTS = YES;
				CLANG_WARN_EMPTY_BODY = YES;
				CLANG_WARN_ENUM_CONVERSION = YES;
				CLANG_WARN_INFINITE_RECURSION = YES;
				CLANG_WARN_INT_CONVERSION = YES;
				CLANG_WARN_OBJC_ROOT_CLASS = YES_ERROR;
				CLANG_WARN_SUSPICIOUS_MOVE = YES;
				CLANG_WARN_UNREACHABLE_CODE = YES;
				CLANG_WARN__DUPLICATE_METHOD_MATCH = YES;
				"CODE_SIGN_IDENTITY[sdk=iphoneos*]" = "iPhone Developer";
				COPY_PHASE_STRIP = NO;
				DEBUG_INFORMATION_FORMAT = "dwarf-with-dsym";
				ENABLE_NS_ASSERTIONS = NO;
				ENABLE_STRICT_OBJC_MSGSEND = YES;
				GCC_C_LANGUAGE_STANDARD = gnu99;
				GCC_NO_COMMON_BLOCKS = YES;
				GCC_WARN_64_TO_32_BIT_CONVERSION = YES;
				GCC_WARN_ABOUT_RETURN_TYPE = YES_ERROR;
				GCC_WARN_UNDECLARED_SELECTOR = YES;
				GCC_WARN_UNINITIALIZED_AUTOS = YES_AGGRESSIVE;
				GCC_WARN_UNUSED_FUNCTION = YES;
				GCC_WARN_UNUSED_VARIABLE = YES;
				IPHONEOS_DEPLOYMENT_TARGET = 10.2;
				MTL_ENABLE_DEBUG_INFO = NO;
				SDKROOT = iphoneos;
				VALIDATE_PRODUCT = YES;
			};
			name = Release;
		};
		7695AF971E500A7A006B15D5 /* Debug */ = {
			isa = XCBuildConfiguration;
			buildSettings = {
				ASSETCATALOG_COMPILER_APPICON_NAME = AppIcon;
				DEVELOPMENT_TEAM = 7Q62N6S7X8;
				INFOPLIST_FILE = YKCameraAR/Info.plist;
				LD_RUNPATH_SEARCH_PATHS = "$(inherited) @executable_path/Frameworks";
				PRODUCT_BUNDLE_IDENTIFIER = com.ishowmap.YKCameraAR;
				PRODUCT_NAME = "$(TARGET_NAME)";
			};
			name = Debug;
		};
		7695AF981E500A7A006B15D5 /* Release */ = {
			isa = XCBuildConfiguration;
			buildSettings = {
				ASSETCATALOG_COMPILER_APPICON_NAME = AppIcon;
				DEVELOPMENT_TEAM = 7Q62N6S7X8;
				INFOPLIST_FILE = YKCameraAR/Info.plist;
				LD_RUNPATH_SEARCH_PATHS = "$(inherited) @executable_path/Frameworks";
				PRODUCT_BUNDLE_IDENTIFIER = com.ishowmap.YKCameraAR;
				PRODUCT_NAME = "$(TARGET_NAME)";
			};
			name = Release;
		};
/* End XCBuildConfiguration section */

/* Begin XCConfigurationList section */
		7695AF7A1E500A7A006B15D5 /* Build configuration list for PBXProject "YKCameraAR" */ = {
			isa = XCConfigurationList;
			buildConfigurations = (
				7695AF941E500A7A006B15D5 /* Debug */,
				7695AF951E500A7A006B15D5 /* Release */,
			);
			defaultConfigurationIsVisible = 0;
			defaultConfigurationName = Release;
		};
		7695AF961E500A7A006B15D5 /* Build configuration list for PBXNativeTarget "YKCameraAR" */ = {
			isa = XCConfigurationList;
			buildConfigurations = (
				7695AF971E500A7A006B15D5 /* Debug */,
				7695AF981E500A7A006B15D5 /* Release */,
			);
			defaultConfigurationIsVisible = 0;
			defaultConfigurationName = Release;
		};
/* End XCConfigurationList section */
	};
	rootObject = 7695AF771E500A7A006B15D5 /* Project object */;
}
